
Microsoft Visual Studio Solution File, Format Version 12.00
# Visual Studio Version 16
VisualStudioVersion = 16.0.31613.86
MinimumVisualStudioVersion = 10.0.40219.1
Project("{8BC9CEB8-8B4A-11D0-8D11-00A0C91BC942}") = "AttestationClientApp", "AttestationClientApp.vcxproj", "{D45B7323-9E07-4256-9AFC-7C79B7C4C15F}"
EndProject
Global
	GlobalSection(SolutionConfigurationPlatforms) = preSolution
		Debug|x64 = Debug|x64
		Debug|x86 = Debug|x86
		Release|x64 = Release|x64
		Release|x86 = Release|x86
	EndGlobalSection
	GlobalSection(ProjectConfigurationPlatforms) = postSolution
		{D45B7323-9E07-4256-9AFC-7C79B7C4C15F}.Debug|x64.ActiveCfg = Debug|x64
		{D45B7323-9E07-4256-9AFC-7C79B7C4C15F}.Debug|x64.Build.0 = Debug|x64
		{D45B7323-9E07-4256-9AFC-7C79B7C4C15F}.Debug|x86.ActiveCfg = Debug|Win32
		{D45B7323-9E07-4256-9AFC-7C79B7C4C15F}.Debug|x86.Build.0 = Debug|Win32
		{D45B7323-9E07-4256-9AFC-7C79B7C4C15F}.Release|x64.ActiveCfg = Release|x64
		{D45B7323-9E07-4256-9AFC-7C79B7C4C15F}.Release|x64.Build.0 = Release|x64
		{D45B7323-9E07-4256-9AFC-7C79B7C4C15F}.Release|x86.ActiveCfg = Release|Win32
		{D45B7323-9E07-4256-9AFC-7C79B7C4C15F}.Release|x86.Build.0 = Release|Win32
	EndGlobalSection
	GlobalSection(SolutionProperties) = preSolution
		HideSolutionNode = FALSE
	EndGlobalSection
	GlobalSection(ExtensibilityGlobals) = postSolution
		SolutionGuid = {DA2FB5A4-4C79-43B8-8616-6EB443119EE7}
	EndGlobalSection
EndGlobal
